<?xml version="1.0" encoding="UTF-8"?>
<CodeBlocks_project_file>
	<FileVersion major="1" minor="6"/>
	<Project>
		<Option title="CS2_monte"/>
		<Option makefile_is_custom="1"/>
		<Option compiler="gcc"/>
		<Option virtualFolders="CMake Files\;"/>
		<Build>
			<Target title="all">
				<Option working_dir="/home/shivam/Desktop/gauge_cell/CS2_Monte/src"/>
				<Option type="4"/>
				<MakeCommands>
					<Build command="/usr/bin/gmake -j12 -f &quot;/home/shivam/Desktop/gauge_cell/CS2_Monte/src/Makefile&quot;  VERBOSE=1 all"/>
					<CompileFile command="/usr/bin/gmake -j12 -f &quot;/home/shivam/Desktop/gauge_cell/CS2_Monte/src/Makefile&quot;  VERBOSE=1 &quot;$file&quot;"/>
					<Clean command="/usr/bin/gmake -j12 -f &quot;/home/shivam/Desktop/gauge_cell/CS2_Monte/src/Makefile&quot;  VERBOSE=1 clean"/>
					<DistClean command="/usr/bin/gmake -j12 -f &quot;/home/shivam/Desktop/gauge_cell/CS2_Monte/src/Makefile&quot;  VERBOSE=1 clean"/>
				</MakeCommands>
			</Target>
			<Target title="Source_polyatomic">
				<Option output="/home/shivam/Desktop/gauge_cell/CS2_Monte/src/Source_polyatomic" prefix_auto="0" extension_auto="0"/>
				<Option working_dir="/home/shivam/Desktop/gauge_cell/CS2_Monte/src"/>
				<Option object_output="./"/>
				<Option type="1"/>
				<Option compiler="gcc"/>
				<Compiler>
					<Add directory="/home/shivam/Desktop/gauge_cell/CS2_Monte/src/."/>
					<Add directory="/usr/lib/gcc/x86_64-linux-gnu/11/include"/>
					<Add directory="/usr/local/include"/>
					<Add directory="/usr/include/x86_64-linux-gnu"/>
					<Add directory="/usr/include"/>
				</Compiler>
				<MakeCommands>
					<Build command="/usr/bin/gmake -j12 -f &quot;/home/shivam/Desktop/gauge_cell/CS2_Monte/src/Makefile&quot;  VERBOSE=1 Source_polyatomic"/>
					<CompileFile command="/usr/bin/gmake -j12 -f &quot;/home/shivam/Desktop/gauge_cell/CS2_Monte/src/Makefile&quot;  VERBOSE=1 &quot;$file&quot;"/>
					<Clean command="/usr/bin/gmake -j12 -f &quot;/home/shivam/Desktop/gauge_cell/CS2_Monte/src/Makefile&quot;  VERBOSE=1 clean"/>
					<DistClean command="/usr/bin/gmake -j12 -f &quot;/home/shivam/Desktop/gauge_cell/CS2_Monte/src/Makefile&quot;  VERBOSE=1 clean"/>
				</MakeCommands>
			</Target>
			<Target title="Source_polyatomic/fast">
				<Option output="/home/shivam/Desktop/gauge_cell/CS2_Monte/src/Source_polyatomic" prefix_auto="0" extension_auto="0"/>
				<Option working_dir="/home/shivam/Desktop/gauge_cell/CS2_Monte/src"/>
				<Option object_output="./"/>
				<Option type="1"/>
				<Option compiler="gcc"/>
				<Compiler>
					<Add directory="/home/shivam/Desktop/gauge_cell/CS2_Monte/src/."/>
					<Add directory="/usr/lib/gcc/x86_64-linux-gnu/11/include"/>
					<Add directory="/usr/local/include"/>
					<Add directory="/usr/include/x86_64-linux-gnu"/>
					<Add directory="/usr/include"/>
				</Compiler>
				<MakeCommands>
					<Build command="/usr/bin/gmake -j12 -f &quot;/home/shivam/Desktop/gauge_cell/CS2_Monte/src/Makefile&quot;  VERBOSE=1 Source_polyatomic/fast"/>
					<CompileFile command="/usr/bin/gmake -j12 -f &quot;/home/shivam/Desktop/gauge_cell/CS2_Monte/src/Makefile&quot;  VERBOSE=1 &quot;$file&quot;"/>
					<Clean command="/usr/bin/gmake -j12 -f &quot;/home/shivam/Desktop/gauge_cell/CS2_Monte/src/Makefile&quot;  VERBOSE=1 clean"/>
					<DistClean command="/usr/bin/gmake -j12 -f &quot;/home/shivam/Desktop/gauge_cell/CS2_Monte/src/Makefile&quot;  VERBOSE=1 clean"/>
				</MakeCommands>
			</Target>
			<Target title="test">
				<Option output="/home/shivam/Desktop/gauge_cell/CS2_Monte/src/test" prefix_auto="0" extension_auto="0"/>
				<Option working_dir="/home/shivam/Desktop/gauge_cell/CS2_Monte/src"/>
				<Option object_output="./"/>
				<Option type="1"/>
				<Option compiler="gcc"/>
				<Compiler>
					<Add directory="/home/shivam/Desktop/gauge_cell/CS2_Monte/src/."/>
					<Add directory="/usr/lib/gcc/x86_64-linux-gnu/11/include"/>
					<Add directory="/usr/local/include"/>
					<Add directory="/usr/include/x86_64-linux-gnu"/>
					<Add directory="/usr/include"/>
				</Compiler>
				<MakeCommands>
					<Build command="/usr/bin/gmake -j12 -f &quot;/home/shivam/Desktop/gauge_cell/CS2_Monte/src/Makefile&quot;  VERBOSE=1 test"/>
					<CompileFile command="/usr/bin/gmake -j12 -f &quot;/home/shivam/Desktop/gauge_cell/CS2_Monte/src/Makefile&quot;  VERBOSE=1 &quot;$file&quot;"/>
					<Clean command="/usr/bin/gmake -j12 -f &quot;/home/shivam/Desktop/gauge_cell/CS2_Monte/src/Makefile&quot;  VERBOSE=1 clean"/>
					<DistClean command="/usr/bin/gmake -j12 -f &quot;/home/shivam/Desktop/gauge_cell/CS2_Monte/src/Makefile&quot;  VERBOSE=1 clean"/>
				</MakeCommands>
			</Target>
			<Target title="test/fast">
				<Option output="/home/shivam/Desktop/gauge_cell/CS2_Monte/src/test" prefix_auto="0" extension_auto="0"/>
				<Option working_dir="/home/shivam/Desktop/gauge_cell/CS2_Monte/src"/>
				<Option object_output="./"/>
				<Option type="1"/>
				<Option compiler="gcc"/>
				<Compiler>
					<Add directory="/home/shivam/Desktop/gauge_cell/CS2_Monte/src/."/>
					<Add directory="/usr/lib/gcc/x86_64-linux-gnu/11/include"/>
					<Add directory="/usr/local/include"/>
					<Add directory="/usr/include/x86_64-linux-gnu"/>
					<Add directory="/usr/include"/>
				</Compiler>
				<MakeCommands>
					<Build command="/usr/bin/gmake -j12 -f &quot;/home/shivam/Desktop/gauge_cell/CS2_Monte/src/Makefile&quot;  VERBOSE=1 test/fast"/>
					<CompileFile command="/usr/bin/gmake -j12 -f &quot;/home/shivam/Desktop/gauge_cell/CS2_Monte/src/Makefile&quot;  VERBOSE=1 &quot;$file&quot;"/>
					<Clean command="/usr/bin/gmake -j12 -f &quot;/home/shivam/Desktop/gauge_cell/CS2_Monte/src/Makefile&quot;  VERBOSE=1 clean"/>
					<DistClean command="/usr/bin/gmake -j12 -f &quot;/home/shivam/Desktop/gauge_cell/CS2_Monte/src/Makefile&quot;  VERBOSE=1 clean"/>
				</MakeCommands>
			</Target>
			<Target title="test2">
				<Option output="/home/shivam/Desktop/gauge_cell/CS2_Monte/src/test2" prefix_auto="0" extension_auto="0"/>
				<Option working_dir="/home/shivam/Desktop/gauge_cell/CS2_Monte/src"/>
				<Option object_output="./"/>
				<Option type="1"/>
				<Option compiler="gcc"/>
				<Compiler>
					<Add directory="/home/shivam/Desktop/gauge_cell/CS2_Monte/src/."/>
					<Add directory="/usr/lib/gcc/x86_64-linux-gnu/11/include"/>
					<Add directory="/usr/local/include"/>
					<Add directory="/usr/include/x86_64-linux-gnu"/>
					<Add directory="/usr/include"/>
				</Compiler>
				<MakeCommands>
					<Build command="/usr/bin/gmake -j12 -f &quot;/home/shivam/Desktop/gauge_cell/CS2_Monte/src/Makefile&quot;  VERBOSE=1 test2"/>
					<CompileFile command="/usr/bin/gmake -j12 -f &quot;/home/shivam/Desktop/gauge_cell/CS2_Monte/src/Makefile&quot;  VERBOSE=1 &quot;$file&quot;"/>
					<Clean command="/usr/bin/gmake -j12 -f &quot;/home/shivam/Desktop/gauge_cell/CS2_Monte/src/Makefile&quot;  VERBOSE=1 clean"/>
					<DistClean command="/usr/bin/gmake -j12 -f &quot;/home/shivam/Desktop/gauge_cell/CS2_Monte/src/Makefile&quot;  VERBOSE=1 clean"/>
				</MakeCommands>
			</Target>
			<Target title="test2/fast">
				<Option output="/home/shivam/Desktop/gauge_cell/CS2_Monte/src/test2" prefix_auto="0" extension_auto="0"/>
				<Option working_dir="/home/shivam/Desktop/gauge_cell/CS2_Monte/src"/>
				<Option object_output="./"/>
				<Option type="1"/>
				<Option compiler="gcc"/>
				<Compiler>
					<Add directory="/home/shivam/Desktop/gauge_cell/CS2_Monte/src/."/>
					<Add directory="/usr/lib/gcc/x86_64-linux-gnu/11/include"/>
					<Add directory="/usr/local/include"/>
					<Add directory="/usr/include/x86_64-linux-gnu"/>
					<Add directory="/usr/include"/>
				</Compiler>
				<MakeCommands>
					<Build command="/usr/bin/gmake -j12 -f &quot;/home/shivam/Desktop/gauge_cell/CS2_Monte/src/Makefile&quot;  VERBOSE=1 test2/fast"/>
					<CompileFile command="/usr/bin/gmake -j12 -f &quot;/home/shivam/Desktop/gauge_cell/CS2_Monte/src/Makefile&quot;  VERBOSE=1 &quot;$file&quot;"/>
					<Clean command="/usr/bin/gmake -j12 -f &quot;/home/shivam/Desktop/gauge_cell/CS2_Monte/src/Makefile&quot;  VERBOSE=1 clean"/>
					<DistClean command="/usr/bin/gmake -j12 -f &quot;/home/shivam/Desktop/gauge_cell/CS2_Monte/src/Makefile&quot;  VERBOSE=1 clean"/>
				</MakeCommands>
			</Target>
			<Target title="edit_cache">
				<Option working_dir="/home/shivam/Desktop/gauge_cell/CS2_Monte/src"/>
				<Option type="4"/>
				<MakeCommands>
					<Build command="/usr/bin/gmake -j12 -f &quot;/home/shivam/Desktop/gauge_cell/CS2_Monte/src/Makefile&quot;  VERBOSE=1 edit_cache"/>
					<CompileFile command="/usr/bin/gmake -j12 -f &quot;/home/shivam/Desktop/gauge_cell/CS2_Monte/src/Makefile&quot;  VERBOSE=1 &quot;$file&quot;"/>
					<Clean command="/usr/bin/gmake -j12 -f &quot;/home/shivam/Desktop/gauge_cell/CS2_Monte/src/Makefile&quot;  VERBOSE=1 clean"/>
					<DistClean command="/usr/bin/gmake -j12 -f &quot;/home/shivam/Desktop/gauge_cell/CS2_Monte/src/Makefile&quot;  VERBOSE=1 clean"/>
				</MakeCommands>
			</Target>
			<Target title="rebuild_cache">
				<Option working_dir="/home/shivam/Desktop/gauge_cell/CS2_Monte/src"/>
				<Option type="4"/>
				<MakeCommands>
					<Build command="/usr/bin/gmake -j12 -f &quot;/home/shivam/Desktop/gauge_cell/CS2_Monte/src/Makefile&quot;  VERBOSE=1 rebuild_cache"/>
					<CompileFile command="/usr/bin/gmake -j12 -f &quot;/home/shivam/Desktop/gauge_cell/CS2_Monte/src/Makefile&quot;  VERBOSE=1 &quot;$file&quot;"/>
					<Clean command="/usr/bin/gmake -j12 -f &quot;/home/shivam/Desktop/gauge_cell/CS2_Monte/src/Makefile&quot;  VERBOSE=1 clean"/>
					<DistClean command="/usr/bin/gmake -j12 -f &quot;/home/shivam/Desktop/gauge_cell/CS2_Monte/src/Makefile&quot;  VERBOSE=1 clean"/>
				</MakeCommands>
			</Target>
		</Build>
		<Unit filename="/home/shivam/Desktop/gauge_cell/CS2_Monte/src/adjust.c">
			<Option target="Source_polyatomic"/>
			<Option target="test2"/>
		</Unit>
		<Unit filename="/home/shivam/Desktop/gauge_cell/CS2_Monte/src/energy.c">
			<Option target="Source_polyatomic"/>
			<Option target="test2"/>
		</Unit>
		<Unit filename="/home/shivam/Desktop/gauge_cell/CS2_Monte/src/energy.h">
			<Option target="Source_polyatomic"/>
		</Unit>
		<Unit filename="/home/shivam/Desktop/gauge_cell/CS2_Monte/src/ewald.c">
			<Option target="Source_polyatomic"/>
			<Option target="test2"/>
		</Unit>
		<Unit filename="/home/shivam/Desktop/gauge_cell/CS2_Monte/src/ewald.h">
			<Option target="Source_polyatomic"/>
			<Option target="test2"/>
		</Unit>
		<Unit filename="/home/shivam/Desktop/gauge_cell/CS2_Monte/src/lattice.c">
			<Option target="Source_polyatomic"/>
			<Option target="test2"/>
		</Unit>
		<Unit filename="/home/shivam/Desktop/gauge_cell/CS2_Monte/src/mc_exc.c">
			<Option target="test2"/>
		</Unit>
		<Unit filename="/home/shivam/Desktop/gauge_cell/CS2_Monte/src/mc_main.c">
			<Option target="Source_polyatomic"/>
		</Unit>
		<Unit filename="/home/shivam/Desktop/gauge_cell/CS2_Monte/src/mc_move.c">
			<Option target="Source_polyatomic"/>
			<Option target="test2"/>
		</Unit>
		<Unit filename="/home/shivam/Desktop/gauge_cell/CS2_Monte/src/mc_move.h">
			<Option target="Source_polyatomic"/>
		</Unit>
		<Unit filename="/home/shivam/Desktop/gauge_cell/CS2_Monte/src/ran_uniform.c">
			<Option target="Source_polyatomic"/>
			<Option target="test2"/>
		</Unit>
		<Unit filename="/home/shivam/Desktop/gauge_cell/CS2_Monte/src/ran_uniform.h">
			<Option target="Source_polyatomic"/>
			<Option target="test2"/>
		</Unit>
		<Unit filename="/home/shivam/Desktop/gauge_cell/CS2_Monte/src/readinput.c">
			<Option target="Source_polyatomic"/>
			<Option target="test2"/>
		</Unit>
		<Unit filename="/home/shivam/Desktop/gauge_cell/CS2_Monte/src/sample.c">
			<Option target="Source_polyatomic"/>
			<Option target="test2"/>
		</Unit>
		<Unit filename="/home/shivam/Desktop/gauge_cell/CS2_Monte/src/system.c">
			<Option target="Source_polyatomic"/>
			<Option target="test2"/>
		</Unit>
		<Unit filename="/home/shivam/Desktop/gauge_cell/CS2_Monte/src/system.h">
			<Option target="Source_polyatomic"/>
			<Option target="test2"/>
		</Unit>
		<Unit filename="/home/shivam/Desktop/gauge_cell/CS2_Monte/src/test2_main.c">
			<Option target="test2"/>
		</Unit>
		<Unit filename="/home/shivam/Desktop/gauge_cell/CS2_Monte/src/test_main.c">
			<Option target="test"/>
		</Unit>
		<Unit filename="/home/shivam/Desktop/gauge_cell/CS2_Monte/src/writepdb.c">
			<Option target="Source_polyatomic"/>
			<Option target="test2"/>
		</Unit>
		<Unit filename="/home/shivam/Desktop/gauge_cell/CS2_Monte/src/CMakeLists.txt">
			<Option virtualFolder="CMake Files\"/>
		</Unit>
	</Project>
</CodeBlocks_project_file>
